
Microsoft Visual Studio Solution File, Format Version 12.00
# Visual Studio Version 16
VisualStudioVersion = 16.0.30204.135
MinimumVisualStudioVersion = 10.0.40219.1
Project("{FAE04EC0-301F-11D3-BF4B-00C04F79EFBC}") = "CvDeneme", "CvDeneme\CvDeneme.csproj", "{9AD8D3B8-222B-4694-AD31-3F2D4D7F76B1}"
EndProject
Global
	GlobalSection(SolutionConfigurationPlatforms) = preSolution
		Debug|Any CPU = Debug|Any CPU
		Release|Any CPU = Release|Any CPU
	EndGlobalSection
	GlobalSection(ProjectConfigurationPlatforms) = postSolution
		{9AD8D3B8-222B-4694-AD31-3F2D4D7F76B1}.Debug|Any CPU.ActiveCfg = Debug|Any CPU
		{9AD8D3B8-222B-4694-AD31-3F2D4D7F76B1}.Debug|Any CPU.Build.0 = Debug|Any CPU
		{9AD8D3B8-222B-4694-AD31-3F2D4D7F76B1}.Release|Any CPU.ActiveCfg = Release|Any CPU
		{9AD8D3B8-222B-4694-AD31-3F2D4D7F76B1}.Release|Any CPU.Build.0 = Release|Any CPU
	EndGlobalSection
	GlobalSection(SolutionProperties) = preSolution
		HideSolutionNode = FALSE
	EndGlobalSection
	GlobalSection(ExtensibilityGlobals) = postSolution
		SolutionGuid = {824169D3-24A3-4951-BD81-AFCE9A17C619}
	EndGlobalSection
EndGlobal
